<?xml version="1.0" encoding="utf-8"?>
<Project ToolsVersion="4.0" xmlns="http://schemas.microsoft.com/developer/msbuild/2003">
  <ItemGroup>
    <ClCompile Include="lib\RakNet_PC-4.0802\Source\WSAStartupSingleton.cpp">
      <Filter>RakNet</Filter>
    </ClCompile>
    <ClCompile Include="lib\RakNet_PC-4.0802\Source\VitaIncludes.cpp">
      <Filter>RakNet</Filter>
    </ClCompile>
    <ClCompile Include="lib\RakNet_PC-4.0802\Source\VariadicSQLParser.cpp">
      <Filter>RakNet</Filter>
    </ClCompile>
    <ClCompile Include="lib\RakNet_PC-4.0802\Source\VariableListDeltaTracker.cpp">
      <Filter>RakNet</Filter>
    </ClCompile>
    <ClCompile Include="lib\RakNet_PC-4.0802\Source\VariableDeltaSerializer.cpp">
      <Filter>RakNet</Filter>
    </ClCompile>
    <ClCompile Include="lib\RakNet_PC-4.0802\Source\UDPProxyServer.cpp">
      <Filter>RakNet</Filter>
    </ClCompile>
    <ClCompile Include="lib\RakNet_PC-4.0802\Source\UDPProxyCoordinator.cpp">
      <Filter>RakNet</Filter>
    </ClCompile>
    <ClCompile Include="lib\RakNet_PC-4.0802\Source\UDPProxyClient.cpp">
      <Filter>RakNet</Filter>
    </ClCompile>
    <ClCompile Include="lib\RakNet_PC-4.0802\Source\UDPForwarder.cpp">
      <Filter>RakNet</Filter>
    </ClCompile>
    <ClCompile Include="lib\RakNet_PC-4.0802\Source\TwoWayAuthentication.cpp">
      <Filter>RakNet</Filter>
    </ClCompile>
    <ClCompile Include="lib\RakNet_PC-4.0802\Source\ThreadsafePacketLogger.cpp">
      <Filter>RakNet</Filter>
    </ClCompile>
    <ClCompile Include="lib\RakNet_PC-4.0802\Source\TelnetTransport.cpp">
      <Filter>RakNet</Filter>
    </ClCompile>
    <ClCompile Include="lib\RakNet_PC-4.0802\Source\TeamManager.cpp">
      <Filter>RakNet</Filter>
    </ClCompile>
    <ClCompile Include="lib\RakNet_PC-4.0802\Source\TeamBalancer.cpp">
      <Filter>RakNet</Filter>
    </ClCompile>
    <ClCompile Include="lib\RakNet_PC-4.0802\Source\TCPInterface.cpp">
      <Filter>RakNet</Filter>
    </ClCompile>
    <ClCompile Include="lib\RakNet_PC-4.0802\Source\TableSerializer.cpp">
      <Filter>RakNet</Filter>
    </ClCompile>
    <ClCompile Include="lib\RakNet_PC-4.0802\Source\SuperFastHash.cpp">
      <Filter>RakNet</Filter>
    </ClCompile>
    <ClCompile Include="lib\RakNet_PC-4.0802\Source\StringTable.cpp">
      <Filter>RakNet</Filter>
    </ClCompile>
    <ClCompile Include="lib\RakNet_PC-4.0802\Source\StringCompressor.cpp">
      <Filter>RakNet</Filter>
    </ClCompile>
    <ClCompile Include="lib\RakNet_PC-4.0802\Source\StatisticsHistory.cpp">
      <Filter>RakNet</Filter>
    </ClCompile>
    <ClCompile Include="lib\RakNet_PC-4.0802\Source\SocketLayer.cpp">
      <Filter>RakNet</Filter>
    </ClCompile>
    <ClCompile Include="lib\RakNet_PC-4.0802\Source\SimpleMutex.cpp">
      <Filter>RakNet</Filter>
    </ClCompile>
    <ClCompile Include="lib\RakNet_PC-4.0802\Source\SignaledEvent.cpp">
      <Filter>RakNet</Filter>
    </ClCompile>
    <ClCompile Include="lib\RakNet_PC-4.0802\Source\SendToThread.cpp">
      <Filter>RakNet</Filter>
    </ClCompile>
    <ClCompile Include="lib\RakNet_PC-4.0802\Source\SecureHandshake.cpp">
      <Filter>RakNet</Filter>
    </ClCompile>
    <ClCompile Include="lib\RakNet_PC-4.0802\Source\RPC4Plugin.cpp">
      <Filter>RakNet</Filter>
    </ClCompile>
    <ClCompile Include="lib\RakNet_PC-4.0802\Source\Router2.cpp">
      <Filter>RakNet</Filter>
    </ClCompile>
    <ClCompile Include="lib\RakNet_PC-4.0802\Source\ReplicaManager3.cpp">
      <Filter>RakNet</Filter>
    </ClCompile>
    <ClCompile Include="lib\RakNet_PC-4.0802\Source\ReliabilityLayer.cpp">
      <Filter>RakNet</Filter>
    </ClCompile>
    <ClCompile Include="lib\RakNet_PC-4.0802\Source\RelayPlugin.cpp">
      <Filter>RakNet</Filter>
    </ClCompile>
    <ClCompile Include="lib\RakNet_PC-4.0802\Source\ReadyEvent.cpp">
      <Filter>RakNet</Filter>
    </ClCompile>
    <ClCompile Include="lib\RakNet_PC-4.0802\Source\RandSync.cpp">
      <Filter>RakNet</Filter>
    </ClCompile>
    <ClCompile Include="lib\RakNet_PC-4.0802\Source\Rand.cpp">
      <Filter>RakNet</Filter>
    </ClCompile>
    <ClCompile Include="lib\RakNet_PC-4.0802\Source\RakWString.cpp">
      <Filter>RakNet</Filter>
    </ClCompile>
    <ClCompile Include="lib\RakNet_PC-4.0802\Source\RakThread.cpp">
      <Filter>RakNet</Filter>
    </ClCompile>
    <ClCompile Include="lib\RakNet_PC-4.0802\Source\RakString.cpp">
      <Filter>RakNet</Filter>
    </ClCompile>
    <ClCompile Include="lib\RakNet_PC-4.0802\Source\RakSleep.cpp">
      <Filter>RakNet</Filter>
    </ClCompile>
    <ClCompile Include="lib\RakNet_PC-4.0802\Source\RakPeer.cpp">
      <Filter>RakNet</Filter>
    </ClCompile>
    <ClCompile Include="lib\RakNet_PC-4.0802\Source\RakNetTypes.cpp">
      <Filter>RakNet</Filter>
    </ClCompile>
    <ClCompile Include="lib\RakNet_PC-4.0802\Source\RakNetTransport2.cpp">
      <Filter>RakNet</Filter>
    </ClCompile>
    <ClCompile Include="lib\RakNet_PC-4.0802\Source\RakNetStatistics.cpp">
      <Filter>RakNet</Filter>
    </ClCompile>
    <ClCompile Include="lib\RakNet_PC-4.0802\Source\RakNetSocket2_WindowsStore8.cpp">
      <Filter>RakNet</Filter>
    </ClCompile>
    <ClCompile Include="lib\RakNet_PC-4.0802\Source\RakNetSocket2_Windows_Linux_360.cpp">
      <Filter>RakNet</Filter>
    </ClCompile>
    <ClCompile Include="lib\RakNet_PC-4.0802\Source\RakNetSocket2_Windows_Linux.cpp">
      <Filter>RakNet</Filter>
    </ClCompile>
    <ClCompile Include="lib\RakNet_PC-4.0802\Source\RakNetSocket2_Vita.cpp">
      <Filter>RakNet</Filter>
    </ClCompile>
    <ClCompile Include="lib\RakNet_PC-4.0802\Source\RakNetSocket2_PS4.cpp">
      <Filter>RakNet</Filter>
    </ClCompile>
    <ClCompile Include="lib\RakNet_PC-4.0802\Source\RakNetSocket2_PS3_PS4.cpp">
      <Filter>RakNet</Filter>
    </ClCompile>
    <ClCompile Include="lib\RakNet_PC-4.0802\Source\RakNetSocket2_NativeClient.cpp">
      <Filter>RakNet</Filter>
    </ClCompile>
    <ClCompile Include="lib\RakNet_PC-4.0802\Source\RakNetSocket2_Berkley_NativeClient.cpp">
      <Filter>RakNet</Filter>
    </ClCompile>
    <ClCompile Include="lib\RakNet_PC-4.0802\Source\RakNetSocket2_Berkley.cpp">
      <Filter>RakNet</Filter>
    </ClCompile>
    <ClCompile Include="lib\RakNet_PC-4.0802\Source\RakNetSocket2_360_720.cpp">
      <Filter>RakNet</Filter>
    </ClCompile>
    <ClCompile Include="lib\RakNet_PC-4.0802\Source\RakNetSocket2.cpp">
      <Filter>RakNet</Filter>
    </ClCompile>
    <ClCompile Include="lib\RakNet_PC-4.0802\Source\RakNetSocket.cpp">
      <Filter>RakNet</Filter>
    </ClCompile>
    <ClCompile Include="lib\RakNet_PC-4.0802\Source\RakNetCommandParser.cpp">
      <Filter>RakNet</Filter>
    </ClCompile>
    <ClCompile Include="lib\RakNet_PC-4.0802\Source\RakMemoryOverride.cpp">
      <Filter>RakNet</Filter>
    </ClCompile>
    <ClCompile Include="lib\RakNet_PC-4.0802\Source\Rackspace.cpp">
      <Filter>RakNet</Filter>
    </ClCompile>
    <ClCompile Include="lib\RakNet_PC-4.0802\Source\PS4Includes.cpp">
      <Filter>RakNet</Filter>
    </ClCompile>
    <ClCompile Include="lib\RakNet_PC-4.0802\Source\PluginInterface2.cpp">
      <Filter>RakNet</Filter>
    </ClCompile>
    <ClCompile Include="lib\RakNet_PC-4.0802\Source\PacketOutputWindowLogger.cpp">
      <Filter>RakNet</Filter>
    </ClCompile>
    <ClCompile Include="lib\RakNet_PC-4.0802\Source\PacketLogger.cpp">
      <Filter>RakNet</Filter>
    </ClCompile>
    <ClCompile Include="lib\RakNet_PC-4.0802\Source\PacketizedTCP.cpp">
      <Filter>RakNet</Filter>
    </ClCompile>
    <ClCompile Include="lib\RakNet_PC-4.0802\Source\PacketFileLogger.cpp">
      <Filter>RakNet</Filter>
    </ClCompile>
    <ClCompile Include="lib\RakNet_PC-4.0802\Source\PacketConsoleLogger.cpp">
      <Filter>RakNet</Filter>
    </ClCompile>
    <ClCompile Include="lib\RakNet_PC-4.0802\Source\NetworkIDObject.cpp">
      <Filter>RakNet</Filter>
    </ClCompile>
    <ClCompile Include="lib\RakNet_PC-4.0802\Source\NetworkIDManager.cpp">
      <Filter>RakNet</Filter>
    </ClCompile>
    <ClCompile Include="lib\RakNet_PC-4.0802\Source\NatTypeDetectionServer.cpp">
      <Filter>RakNet</Filter>
    </ClCompile>
    <ClCompile Include="lib\RakNet_PC-4.0802\Source\NatTypeDetectionCommon.cpp">
      <Filter>RakNet</Filter>
    </ClCompile>
    <ClCompile Include="lib\RakNet_PC-4.0802\Source\NatTypeDetectionClient.cpp">
      <Filter>RakNet</Filter>
    </ClCompile>
    <ClCompile Include="lib\RakNet_PC-4.0802\Source\NatPunchthroughServer.cpp">
      <Filter>RakNet</Filter>
    </ClCompile>
    <ClCompile Include="lib\RakNet_PC-4.0802\Source\NatPunchthroughClient.cpp">
      <Filter>RakNet</Filter>
    </ClCompile>
    <ClCompile Include="lib\RakNet_PC-4.0802\Source\MessageFilter.cpp">
      <Filter>RakNet</Filter>
    </ClCompile>
    <ClCompile Include="lib\RakNet_PC-4.0802\Source\LogCommandParser.cpp">
      <Filter>RakNet</Filter>
    </ClCompile>
    <ClCompile Include="lib\RakNet_PC-4.0802\Source\LocklessTypes.cpp">
      <Filter>RakNet</Filter>
    </ClCompile>
    <ClCompile Include="lib\RakNet_PC-4.0802\Source\LinuxStrings.cpp">
      <Filter>RakNet</Filter>
    </ClCompile>
    <ClCompile Include="lib\RakNet_PC-4.0802\Source\Itoa.cpp">
      <Filter>RakNet</Filter>
    </ClCompile>
    <ClCompile Include="lib\RakNet_PC-4.0802\Source\IncrementalReadInterface.cpp">
      <Filter>RakNet</Filter>
    </ClCompile>
    <ClCompile Include="lib\RakNet_PC-4.0802\Source\HTTPConnection2.cpp">
      <Filter>RakNet</Filter>
    </ClCompile>
    <ClCompile Include="lib\RakNet_PC-4.0802\Source\HTTPConnection.cpp">
      <Filter>RakNet</Filter>
    </ClCompile>
    <ClCompile Include="lib\RakNet_PC-4.0802\Source\GridSectorizer.cpp">
      <Filter>RakNet</Filter>
    </ClCompile>
    <ClCompile Include="lib\RakNet_PC-4.0802\Source\gettimeofday.cpp">
      <Filter>RakNet</Filter>
    </ClCompile>
    <ClCompile Include="lib\RakNet_PC-4.0802\Source\GetTime.cpp">
      <Filter>RakNet</Filter>
    </ClCompile>
    <ClCompile Include="lib\RakNet_PC-4.0802\Source\Gets.cpp">
      <Filter>RakNet</Filter>
    </ClCompile>
    <ClCompile Include="lib\RakNet_PC-4.0802\Source\Getche.cpp">
      <Filter>RakNet</Filter>
    </ClCompile>
    <ClCompile Include="lib\RakNet_PC-4.0802\Source\FullyConnectedMesh2.cpp">
      <Filter>RakNet</Filter>
    </ClCompile>
    <ClCompile Include="lib\RakNet_PC-4.0802\Source\FormatString.cpp">
      <Filter>RakNet</Filter>
    </ClCompile>
    <ClCompile Include="lib\RakNet_PC-4.0802\Source\FileOperations.cpp">
      <Filter>RakNet</Filter>
    </ClCompile>
    <ClCompile Include="lib\RakNet_PC-4.0802\Source\FileListTransfer.cpp">
      <Filter>RakNet</Filter>
    </ClCompile>
    <ClCompile Include="lib\RakNet_PC-4.0802\Source\FileList.cpp">
      <Filter>RakNet</Filter>
    </ClCompile>
    <ClCompile Include="lib\RakNet_PC-4.0802\Source\EpochTimeToString.cpp">
      <Filter>RakNet</Filter>
    </ClCompile>
    <ClCompile Include="lib\RakNet_PC-4.0802\Source\EmailSender.cpp">
      <Filter>RakNet</Filter>
    </ClCompile>
    <ClCompile Include="lib\RakNet_PC-4.0802\Source\DynDNS.cpp">
      <Filter>RakNet</Filter>
    </ClCompile>
    <ClCompile Include="lib\RakNet_PC-4.0802\Source\DS_Table.cpp">
      <Filter>RakNet</Filter>
    </ClCompile>
    <ClCompile Include="lib\RakNet_PC-4.0802\Source\DS_HuffmanEncodingTree.cpp">
      <Filter>RakNet</Filter>
    </ClCompile>
    <ClCompile Include="lib\RakNet_PC-4.0802\Source\DS_ByteQueue.cpp">
      <Filter>RakNet</Filter>
    </ClCompile>
    <ClCompile Include="lib\RakNet_PC-4.0802\Source\DS_BytePool.cpp">
      <Filter>RakNet</Filter>
    </ClCompile>
    <ClCompile Include="lib\RakNet_PC-4.0802\Source\DR_SHA1.cpp">
      <Filter>RakNet</Filter>
    </ClCompile>
    <ClCompile Include="lib\RakNet_PC-4.0802\Source\DirectoryDeltaTransfer.cpp">
      <Filter>RakNet</Filter>
    </ClCompile>
    <ClCompile Include="lib\RakNet_PC-4.0802\Source\DataCompressor.cpp">
      <Filter>RakNet</Filter>
    </ClCompile>
    <ClCompile Include="lib\RakNet_PC-4.0802\Source\ConsoleServer.cpp">
      <Filter>RakNet</Filter>
    </ClCompile>
    <ClCompile Include="lib\RakNet_PC-4.0802\Source\ConnectionGraph2.cpp">
      <Filter>RakNet</Filter>
    </ClCompile>
    <ClCompile Include="lib\RakNet_PC-4.0802\Source\CommandParserInterface.cpp">
      <Filter>RakNet</Filter>
    </ClCompile>
    <ClCompile Include="lib\RakNet_PC-4.0802\Source\CloudServer.cpp">
      <Filter>RakNet</Filter>
    </ClCompile>
    <ClCompile Include="lib\RakNet_PC-4.0802\Source\CloudCommon.cpp">
      <Filter>RakNet</Filter>
    </ClCompile>
    <ClCompile Include="lib\RakNet_PC-4.0802\Source\CloudClient.cpp">
      <Filter>RakNet</Filter>
    </ClCompile>
    <ClCompile Include="lib\RakNet_PC-4.0802\Source\CheckSum.cpp">
      <Filter>RakNet</Filter>
    </ClCompile>
    <ClCompile Include="lib\RakNet_PC-4.0802\Source\CCRakNetUDT.cpp">
      <Filter>RakNet</Filter>
    </ClCompile>
    <ClCompile Include="lib\RakNet_PC-4.0802\Source\CCRakNetSlidingWindow.cpp">
      <Filter>RakNet</Filter>
    </ClCompile>
    <ClCompile Include="lib\RakNet_PC-4.0802\Source\BitStream.cpp">
      <Filter>RakNet</Filter>
    </ClCompile>
    <ClCompile Include="lib\RakNet_PC-4.0802\Source\Base64Encoder.cpp">
      <Filter>RakNet</Filter>
    </ClCompile>
    <ClCompile Include="lib\RakNet_PC-4.0802\Source\_FindFirst.cpp">
      <Filter>RakNet</Filter>
    </ClCompile>
    <ClCompile Include="src\client.cpp">
      <Filter>Netcode</Filter>
    </ClCompile>
    <ClCompile Include="src\network.cpp">
      <Filter>Netcode</Filter>
    </ClCompile>
    <ClCompile Include="src\server.cpp">
      <Filter>Netcode</Filter>
    </ClCompile>
    <ClCompile Include="src\player.cpp">
      <Filter>Game</Filter>
    </ClCompile>
    <ClCompile Include="src\flag.cpp">
      <Filter>Game</Filter>
    </ClCompile>
    <ClCompile Include="src\game.cpp">
      <Filter>Game</Filter>
    </ClCompile>
    <ClCompile Include="src\shotgun.cpp">
      <Filter>Game</Filter>
    </ClCompile>
    <ClCompile Include="src\weapon.cpp">
      <Filter>Game</Filter>
    </ClCompile>
    <ClCompile Include="src\audio.cpp">
      <Filter>Engine</Filter>
    </ClCompile>
    <ClCompile Include="src\collider.cpp">
      <Filter>Engine</Filter>
    </ClCompile>
    <ClCompile Include="src\command.cpp">
      <Filter>Engine</Filter>
    </ClCompile>
    <ClCompile Include="src\config.cpp">
      <Filter>Engine</Filter>
    </ClCompile>
    <ClCompile Include="src\gameobject.cpp">
      <Filter>Engine</Filter>
    </ClCompile>
    <ClCompile Include="src\input.cpp">
      <Filter>Engine</Filter>
    </ClCompile>
    <ClCompile Include="src\jobmanager.cpp">
      <Filter>Engine</Filter>
    </ClCompile>
    <ClCompile Include="src\log.cpp">
      <Filter>Engine</Filter>
    </ClCompile>
    <ClCompile Include="src\mdl.cpp">
      <Filter>Engine</Filter>
    </ClCompile>
    <ClCompile Include="src\mesh.cpp">
      <Filter>Engine</Filter>
    </ClCompile>
    <ClCompile Include="src\objloader.cpp">
      <Filter>Engine</Filter>
    </ClCompile>
    <ClCompile Include="src\physics.cpp">
      <Filter>Engine</Filter>
    </ClCompile>
    <ClCompile Include="src\renderer.cpp">
      <Filter>Engine</Filter>
    </ClCompile>
    <ClCompile Include="src\scene.cpp">
      <Filter>Engine</Filter>
    </ClCompile>
    <ClCompile Include="src\scenegraph.cpp">
      <Filter>Engine</Filter>
    </ClCompile>
    <ClCompile Include="src\surface.cpp">
      <Filter>Engine</Filter>
    </ClCompile>
    <ClCompile Include="src\template.cpp">
      <Filter>Engine</Filter>
    </ClCompile>
    <ClCompile Include="src\transform.cpp">
      <Filter>Engine</Filter>
    </ClCompile>
    <ClCompile Include="src\twister.cpp">
      <Filter>Engine</Filter>
    </ClCompile>
    <ClCompile Include="src\charactercontroller.cpp">
      <Filter>Engine</Filter>
    </ClCompile>
    <ClCompile Include="src\particle.cpp">
      <Filter>Engine</Filter>
    </ClCompile>
  </ItemGroup>
  <ItemGroup>
    <ClInclude Include="lib\RakNet_PC-4.0802\Source\XBox360Includes.h">
      <Filter>RakNet</Filter>
    </ClInclude>
    <ClInclude Include="lib\RakNet_PC-4.0802\Source\WSAStartupSingleton.h">
      <Filter>RakNet</Filter>
    </ClInclude>
    <ClInclude Include="lib\RakNet_PC-4.0802\Source\WindowsIncludes.h">
      <Filter>RakNet</Filter>
    </ClInclude>
    <ClInclude Include="lib\RakNet_PC-4.0802\Source\VitaIncludes.h">
      <Filter>RakNet</Filter>
    </ClInclude>
    <ClInclude Include="lib\RakNet_PC-4.0802\Source\VariadicSQLParser.h">
      <Filter>RakNet</Filter>
    </ClInclude>
    <ClInclude Include="lib\RakNet_PC-4.0802\Source\VariableListDeltaTracker.h">
      <Filter>RakNet</Filter>
    </ClInclude>
    <ClInclude Include="lib\RakNet_PC-4.0802\Source\VariableDeltaSerializer.h">
      <Filter>RakNet</Filter>
    </ClInclude>
    <ClInclude Include="lib\RakNet_PC-4.0802\Source\UDPProxyServer.h">
      <Filter>RakNet</Filter>
    </ClInclude>
    <ClInclude Include="lib\RakNet_PC-4.0802\Source\UDPProxyCoordinator.h">
      <Filter>RakNet</Filter>
    </ClInclude>
    <ClInclude Include="lib\RakNet_PC-4.0802\Source\UDPProxyCommon.h">
      <Filter>RakNet</Filter>
    </ClInclude>
    <ClInclude Include="lib\RakNet_PC-4.0802\Source\UDPProxyClient.h">
      <Filter>RakNet</Filter>
    </ClInclude>
    <ClInclude Include="lib\RakNet_PC-4.0802\Source\UDPForwarder.h">
      <Filter>RakNet</Filter>
    </ClInclude>
    <ClInclude Include="lib\RakNet_PC-4.0802\Source\TwoWayAuthentication.h">
      <Filter>RakNet</Filter>
    </ClInclude>
    <ClInclude Include="lib\RakNet_PC-4.0802\Source\TransportInterface.h">
      <Filter>RakNet</Filter>
    </ClInclude>
    <ClInclude Include="lib\RakNet_PC-4.0802\Source\ThreadsafePacketLogger.h">
      <Filter>RakNet</Filter>
    </ClInclude>
    <ClInclude Include="lib\RakNet_PC-4.0802\Source\ThreadPool.h">
      <Filter>RakNet</Filter>
    </ClInclude>
    <ClInclude Include="lib\RakNet_PC-4.0802\Source\TelnetTransport.h">
      <Filter>RakNet</Filter>
    </ClInclude>
    <ClInclude Include="lib\RakNet_PC-4.0802\Source\TeamManager.h">
      <Filter>RakNet</Filter>
    </ClInclude>
    <ClInclude Include="lib\RakNet_PC-4.0802\Source\TeamBalancer.h">
      <Filter>RakNet</Filter>
    </ClInclude>
    <ClInclude Include="lib\RakNet_PC-4.0802\Source\TCPInterface.h">
      <Filter>RakNet</Filter>
    </ClInclude>
    <ClInclude Include="lib\RakNet_PC-4.0802\Source\TableSerializer.h">
      <Filter>RakNet</Filter>
    </ClInclude>
    <ClInclude Include="lib\RakNet_PC-4.0802\Source\SuperFastHash.h">
      <Filter>RakNet</Filter>
    </ClInclude>
    <ClInclude Include="lib\RakNet_PC-4.0802\Source\StringTable.h">
      <Filter>RakNet</Filter>
    </ClInclude>
    <ClInclude Include="lib\RakNet_PC-4.0802\Source\StringCompressor.h">
      <Filter>RakNet</Filter>
    </ClInclude>
    <ClInclude Include="lib\RakNet_PC-4.0802\Source\StatisticsHistory.h">
      <Filter>RakNet</Filter>
    </ClInclude>
    <ClInclude Include="lib\RakNet_PC-4.0802\Source\SocketLayer.h">
      <Filter>RakNet</Filter>
    </ClInclude>
    <ClInclude Include="lib\RakNet_PC-4.0802\Source\SocketIncludes.h">
      <Filter>RakNet</Filter>
    </ClInclude>
    <ClInclude Include="lib\RakNet_PC-4.0802\Source\SocketDefines.h">
      <Filter>RakNet</Filter>
    </ClInclude>
    <ClInclude Include="lib\RakNet_PC-4.0802\Source\SingleProducerConsumer.h">
      <Filter>RakNet</Filter>
    </ClInclude>
    <ClInclude Include="lib\RakNet_PC-4.0802\Source\SimpleTCPServer.h">
      <Filter>RakNet</Filter>
    </ClInclude>
    <ClInclude Include="lib\RakNet_PC-4.0802\Source\SimpleMutex.h">
      <Filter>RakNet</Filter>
    </ClInclude>
    <ClInclude Include="lib\RakNet_PC-4.0802\Source\SignaledEvent.h">
      <Filter>RakNet</Filter>
    </ClInclude>
    <ClInclude Include="lib\RakNet_PC-4.0802\Source\SendToThread.h">
      <Filter>RakNet</Filter>
    </ClInclude>
    <ClInclude Include="lib\RakNet_PC-4.0802\Source\SecureHandshake.h">
      <Filter>RakNet</Filter>
    </ClInclude>
    <ClInclude Include="lib\RakNet_PC-4.0802\Source\RPC4Plugin.h">
      <Filter>RakNet</Filter>
    </ClInclude>
    <ClInclude Include="lib\RakNet_PC-4.0802\Source\Router2.h">
      <Filter>RakNet</Filter>
    </ClInclude>
    <ClInclude Include="lib\RakNet_PC-4.0802\Source\ReplicaManager3.h">
      <Filter>RakNet</Filter>
    </ClInclude>
    <ClInclude Include="lib\RakNet_PC-4.0802\Source\ReplicaEnums.h">
      <Filter>RakNet</Filter>
    </ClInclude>
    <ClInclude Include="lib\RakNet_PC-4.0802\Source\ReliabilityLayer.h">
      <Filter>RakNet</Filter>
    </ClInclude>
    <ClInclude Include="lib\RakNet_PC-4.0802\Source\RelayPlugin.h">
      <Filter>RakNet</Filter>
    </ClInclude>
    <ClInclude Include="lib\RakNet_PC-4.0802\Source\RefCountedObj.h">
      <Filter>RakNet</Filter>
    </ClInclude>
    <ClInclude Include="lib\RakNet_PC-4.0802\Source\ReadyEvent.h">
      <Filter>RakNet</Filter>
    </ClInclude>
    <ClInclude Include="lib\RakNet_PC-4.0802\Source\RandSync.h">
      <Filter>RakNet</Filter>
    </ClInclude>
    <ClInclude Include="lib\RakNet_PC-4.0802\Source\Rand.h">
      <Filter>RakNet</Filter>
    </ClInclude>
    <ClInclude Include="lib\RakNet_PC-4.0802\Source\RakWString.h">
      <Filter>RakNet</Filter>
    </ClInclude>
    <ClInclude Include="lib\RakNet_PC-4.0802\Source\RakThread.h">
      <Filter>RakNet</Filter>
    </ClInclude>
    <ClInclude Include="lib\RakNet_PC-4.0802\Source\RakString.h">
      <Filter>RakNet</Filter>
    </ClInclude>
    <ClInclude Include="lib\RakNet_PC-4.0802\Source\RakSleep.h">
      <Filter>RakNet</Filter>
    </ClInclude>
    <ClInclude Include="lib\RakNet_PC-4.0802\Source\RakPeerInterface.h">
      <Filter>RakNet</Filter>
    </ClInclude>
    <ClInclude Include="lib\RakNet_PC-4.0802\Source\RakPeer.h">
      <Filter>RakNet</Filter>
    </ClInclude>
    <ClInclude Include="lib\RakNet_PC-4.0802\Source\RakNetVersion.h">
      <Filter>RakNet</Filter>
    </ClInclude>
    <ClInclude Include="lib\RakNet_PC-4.0802\Source\RakNetTypes.h">
      <Filter>RakNet</Filter>
    </ClInclude>
    <ClInclude Include="lib\RakNet_PC-4.0802\Source\RakNetTransport2.h">
      <Filter>RakNet</Filter>
    </ClInclude>
    <ClInclude Include="lib\RakNet_PC-4.0802\Source\RakNetTime.h">
      <Filter>RakNet</Filter>
    </ClInclude>
    <ClInclude Include="lib\RakNet_PC-4.0802\Source\RakNetStatistics.h">
      <Filter>RakNet</Filter>
    </ClInclude>
    <ClInclude Include="lib\RakNet_PC-4.0802\Source\RakNetSocket2.h">
      <Filter>RakNet</Filter>
    </ClInclude>
    <ClInclude Include="lib\RakNet_PC-4.0802\Source\RakNetSocket.h">
      <Filter>RakNet</Filter>
    </ClInclude>
    <ClInclude Include="lib\RakNet_PC-4.0802\Source\RakNetSmartPtr.h">
      <Filter>RakNet</Filter>
    </ClInclude>
    <ClInclude Include="lib\RakNet_PC-4.0802\Source\RakNetDefinesOverrides.h">
      <Filter>RakNet</Filter>
    </ClInclude>
    <ClInclude Include="lib\RakNet_PC-4.0802\Source\RakNetDefines.h">
      <Filter>RakNet</Filter>
    </ClInclude>
    <ClInclude Include="lib\RakNet_PC-4.0802\Source\RakNetCommandParser.h">
      <Filter>RakNet</Filter>
    </ClInclude>
    <ClInclude Include="lib\RakNet_PC-4.0802\Source\RakMemoryOverride.h">
      <Filter>RakNet</Filter>
    </ClInclude>
    <ClInclude Include="lib\RakNet_PC-4.0802\Source\RakAssert.h">
      <Filter>RakNet</Filter>
    </ClInclude>
    <ClInclude Include="lib\RakNet_PC-4.0802\Source\RakAlloca.h">
      <Filter>RakNet</Filter>
    </ClInclude>
    <ClInclude Include="lib\RakNet_PC-4.0802\Source\Rackspace.h">
      <Filter>RakNet</Filter>
    </ClInclude>
    <ClInclude Include="lib\RakNet_PC-4.0802\Source\PS4Includes.h">
      <Filter>RakNet</Filter>
    </ClInclude>
    <ClInclude Include="lib\RakNet_PC-4.0802\Source\PS3Includes.h">
      <Filter>RakNet</Filter>
    </ClInclude>
    <ClInclude Include="lib\RakNet_PC-4.0802\Source\PluginInterface2.h">
      <Filter>RakNet</Filter>
    </ClInclude>
    <ClInclude Include="lib\RakNet_PC-4.0802\Source\PacketPriority.h">
      <Filter>RakNet</Filter>
    </ClInclude>
    <ClInclude Include="lib\RakNet_PC-4.0802\Source\PacketPool.h">
      <Filter>RakNet</Filter>
    </ClInclude>
    <ClInclude Include="lib\RakNet_PC-4.0802\Source\PacketOutputWindowLogger.h">
      <Filter>RakNet</Filter>
    </ClInclude>
    <ClInclude Include="lib\RakNet_PC-4.0802\Source\PacketLogger.h">
      <Filter>RakNet</Filter>
    </ClInclude>
    <ClInclude Include="lib\RakNet_PC-4.0802\Source\PacketizedTCP.h">
      <Filter>RakNet</Filter>
    </ClInclude>
    <ClInclude Include="lib\RakNet_PC-4.0802\Source\PacketFileLogger.h">
      <Filter>RakNet</Filter>
    </ClInclude>
    <ClInclude Include="lib\RakNet_PC-4.0802\Source\PacketConsoleLogger.h">
      <Filter>RakNet</Filter>
    </ClInclude>
    <ClInclude Include="lib\RakNet_PC-4.0802\Source\NetworkIDObject.h">
      <Filter>RakNet</Filter>
    </ClInclude>
    <ClInclude Include="lib\RakNet_PC-4.0802\Source\NetworkIDManager.h">
      <Filter>RakNet</Filter>
    </ClInclude>
    <ClInclude Include="lib\RakNet_PC-4.0802\Source\NatTypeDetectionServer.h">
      <Filter>RakNet</Filter>
    </ClInclude>
    <ClInclude Include="lib\RakNet_PC-4.0802\Source\NatTypeDetectionCommon.h">
      <Filter>RakNet</Filter>
    </ClInclude>
    <ClInclude Include="lib\RakNet_PC-4.0802\Source\NatTypeDetectionClient.h">
      <Filter>RakNet</Filter>
    </ClInclude>
    <ClInclude Include="lib\RakNet_PC-4.0802\Source\NatPunchthroughServer.h">
      <Filter>RakNet</Filter>
    </ClInclude>
    <ClInclude Include="lib\RakNet_PC-4.0802\Source\NatPunchthroughClient.h">
      <Filter>RakNet</Filter>
    </ClInclude>
    <ClInclude Include="lib\RakNet_PC-4.0802\Source\NativeTypes.h">
      <Filter>RakNet</Filter>
    </ClInclude>
    <ClInclude Include="lib\RakNet_PC-4.0802\Source\NativeFeatureIncludesOverrides.h">
      <Filter>RakNet</Filter>
    </ClInclude>
    <ClInclude Include="lib\RakNet_PC-4.0802\Source\NativeFeatureIncludes.h">
      <Filter>RakNet</Filter>
    </ClInclude>
    <ClInclude Include="lib\RakNet_PC-4.0802\Source\MTUSize.h">
      <Filter>RakNet</Filter>
    </ClInclude>
    <ClInclude Include="lib\RakNet_PC-4.0802\Source\MessageIdentifiers.h">
      <Filter>RakNet</Filter>
    </ClInclude>
    <ClInclude Include="lib\RakNet_PC-4.0802\Source\MessageFilter.h">
      <Filter>RakNet</Filter>
    </ClInclude>
    <ClInclude Include="lib\RakNet_PC-4.0802\Source\LogCommandParser.h">
      <Filter>RakNet</Filter>
    </ClInclude>
    <ClInclude Include="lib\RakNet_PC-4.0802\Source\LocklessTypes.h">
      <Filter>RakNet</Filter>
    </ClInclude>
    <ClInclude Include="lib\RakNet_PC-4.0802\Source\LinuxStrings.h">
      <Filter>RakNet</Filter>
    </ClInclude>
    <ClInclude Include="lib\RakNet_PC-4.0802\Source\Kbhit.h">
      <Filter>RakNet</Filter>
    </ClInclude>
    <ClInclude Include="lib\RakNet_PC-4.0802\Source\Itoa.h">
      <Filter>RakNet</Filter>
    </ClInclude>
    <ClInclude Include="lib\RakNet_PC-4.0802\Source\InternalPacket.h">
      <Filter>RakNet</Filter>
    </ClInclude>
    <ClInclude Include="lib\RakNet_PC-4.0802\Source\IncrementalReadInterface.h">
      <Filter>RakNet</Filter>
    </ClInclude>
    <ClInclude Include="lib\RakNet_PC-4.0802\Source\HTTPConnection2.h">
      <Filter>RakNet</Filter>
    </ClInclude>
    <ClInclude Include="lib\RakNet_PC-4.0802\Source\HTTPConnection.h">
      <Filter>RakNet</Filter>
    </ClInclude>
    <ClInclude Include="lib\RakNet_PC-4.0802\Source\GridSectorizer.h">
      <Filter>RakNet</Filter>
    </ClInclude>
    <ClInclude Include="lib\RakNet_PC-4.0802\Source\gettimeofday.h">
      <Filter>RakNet</Filter>
    </ClInclude>
    <ClInclude Include="lib\RakNet_PC-4.0802\Source\GetTime.h">
      <Filter>RakNet</Filter>
    </ClInclude>
    <ClInclude Include="lib\RakNet_PC-4.0802\Source\Gets.h">
      <Filter>RakNet</Filter>
    </ClInclude>
    <ClInclude Include="lib\RakNet_PC-4.0802\Source\Getche.h">
      <Filter>RakNet</Filter>
    </ClInclude>
    <ClInclude Include="lib\RakNet_PC-4.0802\Source\FullyConnectedMesh2.h">
      <Filter>RakNet</Filter>
    </ClInclude>
    <ClInclude Include="lib\RakNet_PC-4.0802\Source\FormatString.h">
      <Filter>RakNet</Filter>
    </ClInclude>
    <ClInclude Include="lib\RakNet_PC-4.0802\Source\FileOperations.h">
      <Filter>RakNet</Filter>
    </ClInclude>
    <ClInclude Include="lib\RakNet_PC-4.0802\Source\FileListTransferCBInterface.h">
      <Filter>RakNet</Filter>
    </ClInclude>
    <ClInclude Include="lib\RakNet_PC-4.0802\Source\FileListTransfer.h">
      <Filter>RakNet</Filter>
    </ClInclude>
    <ClInclude Include="lib\RakNet_PC-4.0802\Source\FileListNodeContext.h">
      <Filter>RakNet</Filter>
    </ClInclude>
    <ClInclude Include="lib\RakNet_PC-4.0802\Source\FileList.h">
      <Filter>RakNet</Filter>
    </ClInclude>
    <ClInclude Include="lib\RakNet_PC-4.0802\Source\Export.h">
      <Filter>RakNet</Filter>
    </ClInclude>
    <ClInclude Include="lib\RakNet_PC-4.0802\Source\EpochTimeToString.h">
      <Filter>RakNet</Filter>
    </ClInclude>
    <ClInclude Include="lib\RakNet_PC-4.0802\Source\EmptyHeader.h">
      <Filter>RakNet</Filter>
    </ClInclude>
    <ClInclude Include="lib\RakNet_PC-4.0802\Source\EmailSender.h">
      <Filter>RakNet</Filter>
    </ClInclude>
    <ClInclude Include="lib\RakNet_PC-4.0802\Source\DynDNS.h">
      <Filter>RakNet</Filter>
    </ClInclude>
    <ClInclude Include="lib\RakNet_PC-4.0802\Source\DS_WeightedGraph.h">
      <Filter>RakNet</Filter>
    </ClInclude>
    <ClInclude Include="lib\RakNet_PC-4.0802\Source\DS_Tree.h">
      <Filter>RakNet</Filter>
    </ClInclude>
    <ClInclude Include="lib\RakNet_PC-4.0802\Source\DS_ThreadsafeAllocatingQueue.h">
      <Filter>RakNet</Filter>
    </ClInclude>
    <ClInclude Include="lib\RakNet_PC-4.0802\Source\DS_Table.h">
      <Filter>RakNet</Filter>
    </ClInclude>
    <ClInclude Include="lib\RakNet_PC-4.0802\Source\DS_RangeList.h">
      <Filter>RakNet</Filter>
    </ClInclude>
    <ClInclude Include="lib\RakNet_PC-4.0802\Source\DS_QueueLinkedList.h">
      <Filter>RakNet</Filter>
    </ClInclude>
    <ClInclude Include="lib\RakNet_PC-4.0802\Source\DS_Queue.h">
      <Filter>RakNet</Filter>
    </ClInclude>
    <ClInclude Include="lib\RakNet_PC-4.0802\Source\DS_OrderedList.h">
      <Filter>RakNet</Filter>
    </ClInclude>
    <ClInclude Include="lib\RakNet_PC-4.0802\Source\DS_OrderedChannelHeap.h">
      <Filter>RakNet</Filter>
    </ClInclude>
    <ClInclude Include="lib\RakNet_PC-4.0802\Source\DS_Multilist.h">
      <Filter>RakNet</Filter>
    </ClInclude>
    <ClInclude Include="lib\RakNet_PC-4.0802\Source\DS_MemoryPool.h">
      <Filter>RakNet</Filter>
    </ClInclude>
    <ClInclude Include="lib\RakNet_PC-4.0802\Source\DS_Map.h">
      <Filter>RakNet</Filter>
    </ClInclude>
    <ClInclude Include="lib\RakNet_PC-4.0802\Source\DS_List.h">
      <Filter>RakNet</Filter>
    </ClInclude>
    <ClInclude Include="lib\RakNet_PC-4.0802\Source\DS_LinkedList.h">
      <Filter>RakNet</Filter>
    </ClInclude>
    <ClInclude Include="lib\RakNet_PC-4.0802\Source\DS_HuffmanEncodingTreeNode.h">
      <Filter>RakNet</Filter>
    </ClInclude>
    <ClInclude Include="lib\RakNet_PC-4.0802\Source\DS_HuffmanEncodingTreeFactory.h">
      <Filter>RakNet</Filter>
    </ClInclude>
    <ClInclude Include="lib\RakNet_PC-4.0802\Source\DS_HuffmanEncodingTree.h">
      <Filter>RakNet</Filter>
    </ClInclude>
    <ClInclude Include="lib\RakNet_PC-4.0802\Source\DS_Heap.h">
      <Filter>RakNet</Filter>
    </ClInclude>
    <ClInclude Include="lib\RakNet_PC-4.0802\Source\DS_Hash.h">
      <Filter>RakNet</Filter>
    </ClInclude>
    <ClInclude Include="lib\RakNet_PC-4.0802\Source\DS_ByteQueue.h">
      <Filter>RakNet</Filter>
    </ClInclude>
    <ClInclude Include="lib\RakNet_PC-4.0802\Source\DS_BytePool.h">
      <Filter>RakNet</Filter>
    </ClInclude>
    <ClInclude Include="lib\RakNet_PC-4.0802\Source\DS_BPlusTree.h">
      <Filter>RakNet</Filter>
    </ClInclude>
    <ClInclude Include="lib\RakNet_PC-4.0802\Source\DS_BinarySearchTree.h">
      <Filter>RakNet</Filter>
    </ClInclude>
    <ClInclude Include="lib\RakNet_PC-4.0802\Source\DR_SHA1.h">
      <Filter>RakNet</Filter>
    </ClInclude>
    <ClInclude Include="lib\RakNet_PC-4.0802\Source\DirectoryDeltaTransfer.h">
      <Filter>RakNet</Filter>
    </ClInclude>
    <ClInclude Include="lib\RakNet_PC-4.0802\Source\DataCompressor.h">
      <Filter>RakNet</Filter>
    </ClInclude>
    <ClInclude Include="lib\RakNet_PC-4.0802\Source\ConsoleServer.h">
      <Filter>RakNet</Filter>
    </ClInclude>
    <ClInclude Include="lib\RakNet_PC-4.0802\Source\ConnectionGraph2.h">
      <Filter>RakNet</Filter>
    </ClInclude>
    <ClInclude Include="lib\RakNet_PC-4.0802\Source\CommandParserInterface.h">
      <Filter>RakNet</Filter>
    </ClInclude>
    <ClInclude Include="lib\RakNet_PC-4.0802\Source\CloudServer.h">
      <Filter>RakNet</Filter>
    </ClInclude>
    <ClInclude Include="lib\RakNet_PC-4.0802\Source\CloudCommon.h">
      <Filter>RakNet</Filter>
    </ClInclude>
    <ClInclude Include="lib\RakNet_PC-4.0802\Source\CloudClient.h">
      <Filter>RakNet</Filter>
    </ClInclude>
    <ClInclude Include="lib\RakNet_PC-4.0802\Source\CheckSum.h">
      <Filter>RakNet</Filter>
    </ClInclude>
    <ClInclude Include="lib\RakNet_PC-4.0802\Source\CCRakNetUDT.h">
      <Filter>RakNet</Filter>
    </ClInclude>
    <ClInclude Include="lib\RakNet_PC-4.0802\Source\CCRakNetSlidingWindow.h">
      <Filter>RakNet</Filter>
    </ClInclude>
    <ClInclude Include="lib\RakNet_PC-4.0802\Source\BitStream.h">
      <Filter>RakNet</Filter>
    </ClInclude>
    <ClInclude Include="lib\RakNet_PC-4.0802\Source\Base64Encoder.h">
      <Filter>RakNet</Filter>
    </ClInclude>
    <ClInclude Include="lib\RakNet_PC-4.0802\Source\AutopatcherRepositoryInterface.h">
      <Filter>RakNet</Filter>
    </ClInclude>
    <ClInclude Include="lib\RakNet_PC-4.0802\Source\AutopatcherPatchContext.h">
      <Filter>RakNet</Filter>
    </ClInclude>
    <ClInclude Include="lib\RakNet_PC-4.0802\Source\_FindFirst.h">
      <Filter>RakNet</Filter>
    </ClInclude>
    <ClInclude Include="src\network.h">
      <Filter>Netcode</Filter>
    </ClInclude>
    <ClInclude Include="src\packet.h">
      <Filter>Netcode</Filter>
    </ClInclude>
    <ClInclude Include="src\server.h">
      <Filter>Netcode</Filter>
    </ClInclude>
    <ClInclude Include="src\player.h">
      <Filter>Game</Filter>
    </ClInclude>
    <ClInclude Include="src\flag.h">
      <Filter>Game</Filter>
    </ClInclude>
    <ClInclude Include="src\game.h">
      <Filter>Game</Filter>
    </ClInclude>
    <ClInclude Include="src\shotgun.h">
      <Filter>Game</Filter>
    </ClInclude>
    <ClInclude Include="src\weapon.h">
      <Filter>Game</Filter>
    </ClInclude>
    <ClInclude Include="src\anorms.h">
      <Filter>Engine</Filter>
    </ClInclude>
    <ClInclude Include="src\audio.h">
      <Filter>Engine</Filter>
    </ClInclude>
    <ClInclude Include="src\buttonc.h">
      <Filter>Engine</Filter>
    </ClInclude>
    <ClInclude Include="src\colormap.h">
      <Filter>Engine</Filter>
    </ClInclude>
    <ClInclude Include="src\command.h">
      <Filter>Engine</Filter>
    </ClInclude>
    <ClInclude Include="src\gameobject.h">
      <Filter>Engine</Filter>
    </ClInclude>
    <ClInclude Include="src\input.h">
      <Filter>Engine</Filter>
    </ClInclude>
    <ClInclude Include="src\jobmanager.h">
      <Filter>Engine</Filter>
    </ClInclude>
    <ClInclude Include="src\log.h">
      <Filter>Engine</Filter>
    </ClInclude>
    <ClInclude Include="src\mdl.h">
      <Filter>Engine</Filter>
    </ClInclude>
    <ClInclude Include="src\physics.h">
      <Filter>Engine</Filter>
    </ClInclude>
    <ClInclude Include="src\renderer.h">
      <Filter>Engine</Filter>
    </ClInclude>
    <ClInclude Include="src\scene.h">
      <Filter>Engine</Filter>
    </ClInclude>
    <ClInclude Include="src\scenegraph.h">
      <Filter>Engine</Filter>
    </ClInclude>
    <ClInclude Include="src\template.h">
      <Filter>Engine</Filter>
    </ClInclude>
    <ClInclude Include="src\transform.h">
      <Filter>Engine</Filter>
    </ClInclude>
    <ClInclude Include="src\twister.h">
      <Filter>Engine</Filter>
    </ClInclude>
    <ClInclude Include="src\charactercontroller.h">
      <Filter>Engine</Filter>
    </ClInclude>
    <ClInclude Include="src\particle.h">
      <Filter>Engine</Filter>
    </ClInclude>
  </ItemGroup>
  <ItemGroup>
    <Filter Include="RakNet">
      <UniqueIdentifier>{51f96feb-1433-46d3-9870-90c6e6043571}</UniqueIdentifier>
    </Filter>
    <Filter Include="Netcode">
      <UniqueIdentifier>{62b23c36-36bd-44a2-90bf-0464dc3b82ca}</UniqueIdentifier>
    </Filter>
    <Filter Include="Game">
      <UniqueIdentifier>{ebf761dc-ec4f-45df-9347-52bb4b4b9841}</UniqueIdentifier>
    </Filter>
    <Filter Include="Engine">
      <UniqueIdentifier>{c18c3e6b-889f-4dbc-8365-d9ae8834dc9f}</UniqueIdentifier>
    </Filter>
  </ItemGroup>
</Project>